
Microsoft Visual Studio Solution File, Format Version 12.00
# Visual Studio Version 16
VisualStudioVersion = 16.0.32510.428
MinimumVisualStudioVersion = 10.0.40219.1
Project("{00D1A9C2-B5F0-4AF3-8072-F6C62B433612}") = "EcoTravel-Database", "EcoTravel-Database\EcoTravel-Database.sqlproj", "{EC774213-D42C-4C6B-B02F-5E59554C4702}"
EndProject
Global
	GlobalSection(SolutionConfigurationPlatforms) = preSolution
		Debug|Any CPU = Debug|Any CPU
		Release|Any CPU = Release|Any CPU
	EndGlobalSection
	GlobalSection(ProjectConfigurationPlatforms) = postSolution
		{EC774213-D42C-4C6B-B02F-5E59554C4702}.Debug|Any CPU.ActiveCfg = Debug|Any CPU
		{EC774213-D42C-4C6B-B02F-5E59554C4702}.Debug|Any CPU.Build.0 = Debug|Any CPU
		{EC774213-D42C-4C6B-B02F-5E59554C4702}.Debug|Any CPU.Deploy.0 = Debug|Any CPU
		{EC774213-D42C-4C6B-B02F-5E59554C4702}.Release|Any CPU.ActiveCfg = Release|Any CPU
		{EC774213-D42C-4C6B-B02F-5E59554C4702}.Release|Any CPU.Build.0 = Release|Any CPU
		{EC774213-D42C-4C6B-B02F-5E59554C4702}.Release|Any CPU.Deploy.0 = Release|Any CPU
	EndGlobalSection
	GlobalSection(SolutionProperties) = preSolution
		HideSolutionNode = FALSE
	EndGlobalSection
	GlobalSection(ExtensibilityGlobals) = postSolution
		SolutionGuid = {37D79557-D720-4DF5-B189-A2BC4C6760F7}
	EndGlobalSection
EndGlobal
